
Microsoft Visual Studio Solution File, Format Version 12.00
# Visual Studio Version 17
VisualStudioVersion = 17.13.35931.197
MinimumVisualStudioVersion = 10.0.40219.1
Project("{2150E333-8FDC-42A3-9474-1A3956D46DE8}") = "src", "src", "{02EA681E-C7D8-13C7-8484-4AC65E1B71E8}"
EndProject
Project("{FAE04EC0-301F-11D3-BF4B-00C04F79EFBC}") = "IG.NexFlow.Conector.SFTP.API", "src\IG.NexFlow.Conector.SFTP.API\IG.NexFlow.Conector.SFTP.API.csproj", "{CBAF6E80-911D-4C0F-B0C1-B98789714528}"
EndProject
Project("{FAE04EC0-301F-11D3-BF4B-00C04F79EFBC}") = "IG.NexFlow.Conector.SFTP.Infra", "src\IG.NexFlow.Conector.SFTP.Infra\IG.NexFlow.Conector.SFTP.Infra.csproj", "{B7562BD6-A713-40D0-BA71-A9A27352DDD8}"
EndProject
Project("{FAE04EC0-301F-11D3-BF4B-00C04F79EFBC}") = "IG.NexFlow.Conector.SFTP.Dominio", "src\IG.NexFlow.Conector.SFTP.Dominio\IG.NexFlow.Conector.SFTP.Dominio.csproj", "{398D229C-1975-4D18-89B2-13AC02CA4A3C}"
EndProject
Global
	GlobalSection(SolutionConfigurationPlatforms) = preSolution
		Debug|Any CPU = Debug|Any CPU
		Release|Any CPU = Release|Any CPU
	EndGlobalSection
	GlobalSection(ProjectConfigurationPlatforms) = postSolution
		{CBAF6E80-911D-4C0F-B0C1-B98789714528}.Debug|Any CPU.ActiveCfg = Debug|Any CPU
		{CBAF6E80-911D-4C0F-B0C1-B98789714528}.Debug|Any CPU.Build.0 = Debug|Any CPU
		{CBAF6E80-911D-4C0F-B0C1-B98789714528}.Release|Any CPU.ActiveCfg = Release|Any CPU
		{CBAF6E80-911D-4C0F-B0C1-B98789714528}.Release|Any CPU.Build.0 = Release|Any CPU
		{B7562BD6-A713-40D0-BA71-A9A27352DDD8}.Debug|Any CPU.ActiveCfg = Debug|Any CPU
		{B7562BD6-A713-40D0-BA71-A9A27352DDD8}.Debug|Any CPU.Build.0 = Debug|Any CPU
		{B7562BD6-A713-40D0-BA71-A9A27352DDD8}.Release|Any CPU.ActiveCfg = Release|Any CPU
		{B7562BD6-A713-40D0-BA71-A9A27352DDD8}.Release|Any CPU.Build.0 = Release|Any CPU
		{398D229C-1975-4D18-89B2-13AC02CA4A3C}.Debug|Any CPU.ActiveCfg = Debug|Any CPU
		{398D229C-1975-4D18-89B2-13AC02CA4A3C}.Debug|Any CPU.Build.0 = Debug|Any CPU
		{398D229C-1975-4D18-89B2-13AC02CA4A3C}.Release|Any CPU.ActiveCfg = Release|Any CPU
		{398D229C-1975-4D18-89B2-13AC02CA4A3C}.Release|Any CPU.Build.0 = Release|Any CPU
	EndGlobalSection
	GlobalSection(SolutionProperties) = preSolution
		HideSolutionNode = FALSE
	EndGlobalSection
	GlobalSection(NestedProjects) = preSolution
		{CBAF6E80-911D-4C0F-B0C1-B98789714528} = {02EA681E-C7D8-13C7-8484-4AC65E1B71E8}
		{B7562BD6-A713-40D0-BA71-A9A27352DDD8} = {02EA681E-C7D8-13C7-8484-4AC65E1B71E8}
		{398D229C-1975-4D18-89B2-13AC02CA4A3C} = {02EA681E-C7D8-13C7-8484-4AC65E1B71E8}
	EndGlobalSection
	GlobalSection(ExtensibilityGlobals) = postSolution
		SolutionGuid = {F57B8B7F-9D6D-41A2-ACA3-CD31E38B1273}
	EndGlobalSection
EndGlobal
